
Microsoft Visual Studio Solution File, Format Version 12.00
# Visual Studio Version 16
VisualStudioVersion = 16.0.29025.244
MinimumVisualStudioVersion = 10.0.40219.1
Project("{FAE04EC0-301F-11D3-BF4B-00C04F79EFBC}") = "IPT.Hotel.Data", "IPT.Hotel.Data\IPT.Hotel.Data.csproj", "{1CDDF6F4-FE84-4664-B9DB-54A72BA8D1F5}"
EndProject
Project("{FAE04EC0-301F-11D3-BF4B-00C04F79EFBC}") = "IPT.Hotel.Test", "IPT.Hotel.Test\IPT.Hotel.Test.csproj", "{0ABD7731-913D-45B6-A2EE-88A149BC3C8E}"
EndProject
Global
	GlobalSection(SolutionConfigurationPlatforms) = preSolution
		Debug|Any CPU = Debug|Any CPU
		Release|Any CPU = Release|Any CPU
	EndGlobalSection
	GlobalSection(ProjectConfigurationPlatforms) = postSolution
		{1CDDF6F4-FE84-4664-B9DB-54A72BA8D1F5}.Debug|Any CPU.ActiveCfg = Debug|Any CPU
		{1CDDF6F4-FE84-4664-B9DB-54A72BA8D1F5}.Debug|Any CPU.Build.0 = Debug|Any CPU
		{1CDDF6F4-FE84-4664-B9DB-54A72BA8D1F5}.Release|Any CPU.ActiveCfg = Release|Any CPU
		{1CDDF6F4-FE84-4664-B9DB-54A72BA8D1F5}.Release|Any CPU.Build.0 = Release|Any CPU
		{0ABD7731-913D-45B6-A2EE-88A149BC3C8E}.Debug|Any CPU.ActiveCfg = Debug|Any CPU
		{0ABD7731-913D-45B6-A2EE-88A149BC3C8E}.Debug|Any CPU.Build.0 = Debug|Any CPU
		{0ABD7731-913D-45B6-A2EE-88A149BC3C8E}.Release|Any CPU.ActiveCfg = Release|Any CPU
		{0ABD7731-913D-45B6-A2EE-88A149BC3C8E}.Release|Any CPU.Build.0 = Release|Any CPU
	EndGlobalSection
	GlobalSection(SolutionProperties) = preSolution
		HideSolutionNode = FALSE
	EndGlobalSection
	GlobalSection(ExtensibilityGlobals) = postSolution
		SolutionGuid = {58D5B5A4-193F-44A7-AF9E-44EDA55D1580}
	EndGlobalSection
EndGlobal
